// !$*UTF8*$!
{
	archiveVersion = 1;
	classes = {
	};
	objectVersion = 42;
	objects = {

/* Begin PBXBuildFile section */
		8DD76F6A0486A84900D96B5E /* fishjelly.1 in CopyFiles */ = {isa = PBXBuildFile; fileRef = C6859E8B029090EE04C91782 /* fishjelly.1 */; };
		CD7FACD70C1279DE00F3A84E /* socket.h in CopyFiles */ = {isa = PBXBuildFile; fileRef = CD7FACC40C1279DE00F3A84E /* socket.h */; };
		CD7FACD80C1279DE00F3A84E /* socket.cc in Sources */ = {isa = PBXBuildFile; fileRef = CD7FACC50C1279DE00F3A84E /* socket.cc */; };
		CD7FACD90C1279DE00F3A84E /* config.cc in Sources */ = {isa = PBXBuildFile; fileRef = CD7FACC60C1279DE00F3A84E /* config.cc */; };
		CD7FACDA0C1279DE00F3A84E /* log.h in CopyFiles */ = {isa = PBXBuildFile; fileRef = CD7FACC70C1279DE00F3A84E /* log.h */; };
		CD7FACDB0C1279DE00F3A84E /* log.cc in Sources */ = {isa = PBXBuildFile; fileRef = CD7FACC80C1279DE00F3A84E /* log.cc */; };
		CD7FACDC0C1279DE00F3A84E /* global.h in CopyFiles */ = {isa = PBXBuildFile; fileRef = CD7FACC90C1279DE00F3A84E /* global.h */; };
		CD7FACDD0C1279DE00F3A84E /* http.h in CopyFiles */ = {isa = PBXBuildFile; fileRef = CD7FACCA0C1279DE00F3A84E /* http.h */; };
		CD7FACDE0C1279DE00F3A84E /* http.cc in Sources */ = {isa = PBXBuildFile; fileRef = CD7FACCB0C1279DE00F3A84E /* http.cc */; };
		CD7FACDF0C1279DE00F3A84E /* cgi.h in CopyFiles */ = {isa = PBXBuildFile; fileRef = CD7FACCC0C1279DE00F3A84E /* cgi.h */; };
		CD7FACE00C1279DE00F3A84E /* mime.h in CopyFiles */ = {isa = PBXBuildFile; fileRef = CD7FACCD0C1279DE00F3A84E /* mime.h */; };
		CD7FACE10C1279DE00F3A84E /* mime.cc in Sources */ = {isa = PBXBuildFile; fileRef = CD7FACCE0C1279DE00F3A84E /* mime.cc */; };
		CD7FACE20C1279DE00F3A84E /* filter.h in CopyFiles */ = {isa = PBXBuildFile; fileRef = CD7FACCF0C1279DE00F3A84E /* filter.h */; };
		CD7FACE30C1279DE00F3A84E /* webserver.h in CopyFiles */ = {isa = PBXBuildFile; fileRef = CD7FACD00C1279DE00F3A84E /* webserver.h */; };
		CD7FACE40C1279DE00F3A84E /* webserver.cc in Sources */ = {isa = PBXBuildFile; fileRef = CD7FACD10C1279DE00F3A84E /* webserver.cc */; };
		CD7FACE50C1279DE00F3A84E /* token.h in CopyFiles */ = {isa = PBXBuildFile; fileRef = CD7FACD20C1279DE00F3A84E /* token.h */; };
		CD7FACE60C1279DE00F3A84E /* token.cc in Sources */ = {isa = PBXBuildFile; fileRef = CD7FACD30C1279DE00F3A84E /* token.cc */; };
		CD7FACE80C1279DE00F3A84E /* cgi.cc in Sources */ = {isa = PBXBuildFile; fileRef = CD7FACD50C1279DE00F3A84E /* cgi.cc */; };
		CD7FACE90C1279DE00F3A84E /* filter.cc in Sources */ = {isa = PBXBuildFile; fileRef = CD7FACD60C1279DE00F3A84E /* filter.cc */; };
/* End PBXBuildFile section */

/* Begin PBXCopyFilesBuildPhase section */
		8DD76F690486A84900D96B5E /* CopyFiles */ = {
			isa = PBXCopyFilesBuildPhase;
			buildActionMask = 8;
			dstPath = /usr/share/man/man1/;
			dstSubfolderSpec = 0;
			files = (
				8DD76F6A0486A84900D96B5E /* fishjelly.1 in CopyFiles */,
				CD7FACD70C1279DE00F3A84E /* socket.h in CopyFiles */,
				CD7FACDA0C1279DE00F3A84E /* log.h in CopyFiles */,
				CD7FACDC0C1279DE00F3A84E /* global.h in CopyFiles */,
				CD7FACDD0C1279DE00F3A84E /* http.h in CopyFiles */,
				CD7FACDF0C1279DE00F3A84E /* cgi.h in CopyFiles */,
				CD7FACE00C1279DE00F3A84E /* mime.h in CopyFiles */,
				CD7FACE20C1279DE00F3A84E /* filter.h in CopyFiles */,
				CD7FACE30C1279DE00F3A84E /* webserver.h in CopyFiles */,
				CD7FACE50C1279DE00F3A84E /* token.h in CopyFiles */,
			);
			runOnlyForDeploymentPostprocessing = 1;
		};
/* End PBXCopyFilesBuildPhase section */

/* Begin PBXFileReference section */
		8DD76F6C0486A84900D96B5E /* fishjelly */ = {isa = PBXFileReference; explicitFileType = "compiled.mach-o.executable"; includeInIndex = 0; path = fishjelly; sourceTree = BUILT_PRODUCTS_DIR; };
		C6859E8B029090EE04C91782 /* fishjelly.1 */ = {isa = PBXFileReference; lastKnownFileType = text.man; path = fishjelly.1; sourceTree = "<group>"; };
		CD7FACC40C1279DE00F3A84E /* socket.h */ = {isa = PBXFileReference; fileEncoding = 30; lastKnownFileType = sourcecode.c.h; path = socket.h; sourceTree = "<group>"; };
		CD7FACC50C1279DE00F3A84E /* socket.cc */ = {isa = PBXFileReference; fileEncoding = 30; lastKnownFileType = sourcecode.cpp.cpp; path = socket.cc; sourceTree = "<group>"; };
		CD7FACC60C1279DE00F3A84E /* config.cc */ = {isa = PBXFileReference; fileEncoding = 30; lastKnownFileType = sourcecode.cpp.cpp; path = config.cc; sourceTree = "<group>"; };
		CD7FACC70C1279DE00F3A84E /* log.h */ = {isa = PBXFileReference; fileEncoding = 30; lastKnownFileType = sourcecode.c.h; path = log.h; sourceTree = "<group>"; };
		CD7FACC80C1279DE00F3A84E /* log.cc */ = {isa = PBXFileReference; fileEncoding = 30; lastKnownFileType = sourcecode.cpp.cpp; path = log.cc; sourceTree = "<group>"; };
		CD7FACC90C1279DE00F3A84E /* global.h */ = {isa = PBXFileReference; fileEncoding = 30; lastKnownFileType = sourcecode.c.h; path = global.h; sourceTree = "<group>"; };
		CD7FACCA0C1279DE00F3A84E /* http.h */ = {isa = PBXFileReference; fileEncoding = 30; lastKnownFileType = sourcecode.c.h; path = http.h; sourceTree = "<group>"; };
		CD7FACCB0C1279DE00F3A84E /* http.cc */ = {isa = PBXFileReference; fileEncoding = 30; lastKnownFileType = sourcecode.cpp.cpp; path = http.cc; sourceTree = "<group>"; };
		CD7FACCC0C1279DE00F3A84E /* cgi.h */ = {isa = PBXFileReference; fileEncoding = 30; lastKnownFileType = sourcecode.c.h; path = cgi.h; sourceTree = "<group>"; };
		CD7FACCD0C1279DE00F3A84E /* mime.h */ = {isa = PBXFileReference; fileEncoding = 30; lastKnownFileType = sourcecode.c.h; path = mime.h; sourceTree = "<group>"; };
		CD7FACCE0C1279DE00F3A84E /* mime.cc */ = {isa = PBXFileReference; fileEncoding = 30; lastKnownFileType = sourcecode.cpp.cpp; path = mime.cc; sourceTree = "<group>"; };
		CD7FACCF0C1279DE00F3A84E /* filter.h */ = {isa = PBXFileReference; fileEncoding = 30; lastKnownFileType = sourcecode.c.h; path = filter.h; sourceTree = "<group>"; };
		CD7FACD00C1279DE00F3A84E /* webserver.h */ = {isa = PBXFileReference; fileEncoding = 30; lastKnownFileType = sourcecode.c.h; path = webserver.h; sourceTree = "<group>"; };
		CD7FACD10C1279DE00F3A84E /* webserver.cc */ = {isa = PBXFileReference; fileEncoding = 30; lastKnownFileType = sourcecode.cpp.cpp; path = webserver.cc; sourceTree = "<group>"; };
		CD7FACD20C1279DE00F3A84E /* token.h */ = {isa = PBXFileReference; fileEncoding = 30; lastKnownFileType = sourcecode.c.h; path = token.h; sourceTree = "<group>"; };
		CD7FACD30C1279DE00F3A84E /* token.cc */ = {isa = PBXFileReference; fileEncoding = 30; lastKnownFileType = sourcecode.cpp.cpp; path = token.cc; sourceTree = "<group>"; };
		CD7FACD50C1279DE00F3A84E /* cgi.cc */ = {isa = PBXFileReference; fileEncoding = 30; lastKnownFileType = sourcecode.cpp.cpp; path = cgi.cc; sourceTree = "<group>"; };
		CD7FACD60C1279DE00F3A84E /* filter.cc */ = {isa = PBXFileReference; fileEncoding = 30; lastKnownFileType = sourcecode.cpp.cpp; path = filter.cc; sourceTree = "<group>"; };
/* End PBXFileReference section */

/* Begin PBXFrameworksBuildPhase section */
		8DD76F660486A84900D96B5E /* Frameworks */ = {
			isa = PBXFrameworksBuildPhase;
			buildActionMask = 2147483647;
			files = (
			);
			runOnlyForDeploymentPostprocessing = 0;
		};
/* End PBXFrameworksBuildPhase section */

/* Begin PBXGroup section */
		08FB7794FE84155DC02AAC07 /* fishjelly */ = {
			isa = PBXGroup;
			children = (
				08FB7795FE84155DC02AAC07 /* Source */,
				C6859E8C029090F304C91782 /* Documentation */,
				1AB674ADFE9D54B511CA2CBB /* Products */,
			);
			name = fishjelly;
			sourceTree = "<group>";
		};
		08FB7795FE84155DC02AAC07 /* Source */ = {
			isa = PBXGroup;
			children = (
				CD7FACC40C1279DE00F3A84E /* socket.h */,
				CD7FACC50C1279DE00F3A84E /* socket.cc */,
				CD7FACC60C1279DE00F3A84E /* config.cc */,
				CD7FACC70C1279DE00F3A84E /* log.h */,
				CD7FACC80C1279DE00F3A84E /* log.cc */,
				CD7FACC90C1279DE00F3A84E /* global.h */,
				CD7FACCA0C1279DE00F3A84E /* http.h */,
				CD7FACCB0C1279DE00F3A84E /* http.cc */,
				CD7FACCC0C1279DE00F3A84E /* cgi.h */,
				CD7FACCD0C1279DE00F3A84E /* mime.h */,
				CD7FACCE0C1279DE00F3A84E /* mime.cc */,
				CD7FACCF0C1279DE00F3A84E /* filter.h */,
				CD7FACD00C1279DE00F3A84E /* webserver.h */,
				CD7FACD10C1279DE00F3A84E /* webserver.cc */,
				CD7FACD20C1279DE00F3A84E /* token.h */,
				CD7FACD30C1279DE00F3A84E /* token.cc */,
				CD7FACD50C1279DE00F3A84E /* cgi.cc */,
				CD7FACD60C1279DE00F3A84E /* filter.cc */,
			);
			name = Source;
			sourceTree = "<group>";
		};
		1AB674ADFE9D54B511CA2CBB /* Products */ = {
			isa = PBXGroup;
			children = (
				8DD76F6C0486A84900D96B5E /* fishjelly */,
			);
			name = Products;
			sourceTree = "<group>";
		};
		C6859E8C029090F304C91782 /* Documentation */ = {
			isa = PBXGroup;
			children = (
				C6859E8B029090EE04C91782 /* fishjelly.1 */,
			);
			name = Documentation;
			sourceTree = "<group>";
		};
/* End PBXGroup section */

/* Begin PBXNativeTarget section */
		8DD76F620486A84900D96B5E /* fishjelly */ = {
			isa = PBXNativeTarget;
			buildConfigurationList = CD7FACBA0C12799000F3A84E /* Build configuration list for PBXNativeTarget "fishjelly" */;
			buildPhases = (
				8DD76F640486A84900D96B5E /* Sources */,
				8DD76F660486A84900D96B5E /* Frameworks */,
				8DD76F690486A84900D96B5E /* CopyFiles */,
			);
			buildRules = (
			);
			dependencies = (
			);
			name = fishjelly;
			productInstallPath = "$(HOME)/bin";
			productName = fishjelly;
			productReference = 8DD76F6C0486A84900D96B5E /* fishjelly */;
			productType = "com.apple.product-type.tool";
		};
/* End PBXNativeTarget section */

/* Begin PBXProject section */
		08FB7793FE84155DC02AAC07 /* Project object */ = {
			isa = PBXProject;
			buildConfigurationList = CD7FACBE0C12799000F3A84E /* Build configuration list for PBXProject "fishjelly" */;
			hasScannedForEncodings = 1;
			mainGroup = 08FB7794FE84155DC02AAC07 /* fishjelly */;
			projectDirPath = "";
			targets = (
				8DD76F620486A84900D96B5E /* fishjelly */,
			);
		};
/* End PBXProject section */

/* Begin PBXSourcesBuildPhase section */
		8DD76F640486A84900D96B5E /* Sources */ = {
			isa = PBXSourcesBuildPhase;
			buildActionMask = 2147483647;
			files = (
				CD7FACD80C1279DE00F3A84E /* socket.cc in Sources */,
				CD7FACD90C1279DE00F3A84E /* config.cc in Sources */,
				CD7FACDB0C1279DE00F3A84E /* log.cc in Sources */,
				CD7FACDE0C1279DE00F3A84E /* http.cc in Sources */,
				CD7FACE10C1279DE00F3A84E /* mime.cc in Sources */,
				CD7FACE40C1279DE00F3A84E /* webserver.cc in Sources */,
				CD7FACE60C1279DE00F3A84E /* token.cc in Sources */,
				CD7FACE80C1279DE00F3A84E /* cgi.cc in Sources */,
				CD7FACE90C1279DE00F3A84E /* filter.cc in Sources */,
			);
			runOnlyForDeploymentPostprocessing = 0;
		};
/* End PBXSourcesBuildPhase section */

/* Begin XCBuildConfiguration section */
		CD7FACBB0C12799000F3A84E /* Debug */ = {
			isa = XCBuildConfiguration;
			buildSettings = {
				COPY_PHASE_STRIP = NO;
				GCC_DYNAMIC_NO_PIC = NO;
				GCC_ENABLE_FIX_AND_CONTINUE = YES;
				GCC_GENERATE_DEBUGGING_SYMBOLS = YES;
				GCC_MODEL_TUNING = G5;
				GCC_OPTIMIZATION_LEVEL = 0;
				GCC_WARN_ABOUT_RETURN_TYPE = YES;
				GCC_WARN_UNUSED_VARIABLE = YES;
				INSTALL_PATH = "$(HOME)/bin";
				PREBINDING = NO;
				PRODUCT_NAME = fishjelly;
				ZERO_LINK = YES;
			};
			name = Debug;
		};
		CD7FACBC0C12799000F3A84E /* Release */ = {
			isa = XCBuildConfiguration;
			buildSettings = {
				COPY_PHASE_STRIP = YES;
				GCC_ENABLE_FIX_AND_CONTINUE = NO;
				GCC_GENERATE_DEBUGGING_SYMBOLS = NO;
				GCC_MODEL_TUNING = G5;
				GCC_WARN_ABOUT_RETURN_TYPE = YES;
				GCC_WARN_UNUSED_VARIABLE = YES;
				INSTALL_PATH = "$(HOME)/bin";
				PREBINDING = NO;
				PRODUCT_NAME = fishjelly;
				ZERO_LINK = NO;
			};
			name = Release;
		};
		CD7FACBD0C12799000F3A84E /* Default */ = {
			isa = XCBuildConfiguration;
			buildSettings = {
				GCC_GENERATE_DEBUGGING_SYMBOLS = NO;
				GCC_MODEL_TUNING = G5;
				GCC_WARN_ABOUT_RETURN_TYPE = YES;
				GCC_WARN_UNUSED_VARIABLE = YES;
				INSTALL_PATH = "$(HOME)/bin";
				PREBINDING = NO;
				PRODUCT_NAME = fishjelly;
			};
			name = Default;
		};
		CD7FACBF0C12799000F3A84E /* Debug */ = {
			isa = XCBuildConfiguration;
			buildSettings = {
				ARCHS = (
					ppc,
					i386,
				);
			};
			name = Debug;
		};
		CD7FACC00C12799000F3A84E /* Release */ = {
			isa = XCBuildConfiguration;
			buildSettings = {
				ARCHS = (
					ppc,
					i386,
				);
			};
			name = Release;
		};
		CD7FACC10C12799000F3A84E /* Default */ = {
			isa = XCBuildConfiguration;
			buildSettings = {
				ARCHS = (
					ppc,
					i386,
				);
			};
			name = Default;
		};
/* End XCBuildConfiguration section */

/* Begin XCConfigurationList section */
		CD7FACBA0C12799000F3A84E /* Build configuration list for PBXNativeTarget "fishjelly" */ = {
			isa = XCConfigurationList;
			buildConfigurations = (
				CD7FACBB0C12799000F3A84E /* Debug */,
				CD7FACBC0C12799000F3A84E /* Release */,
				CD7FACBD0C12799000F3A84E /* Default */,
			);
			defaultConfigurationIsVisible = 0;
			defaultConfigurationName = Default;
		};
		CD7FACBE0C12799000F3A84E /* Build configuration list for PBXProject "fishjelly" */ = {
			isa = XCConfigurationList;
			buildConfigurations = (
				CD7FACBF0C12799000F3A84E /* Debug */,
				CD7FACC00C12799000F3A84E /* Release */,
				CD7FACC10C12799000F3A84E /* Default */,
			);
			defaultConfigurationIsVisible = 0;
			defaultConfigurationName = Default;
		};
/* End XCConfigurationList section */
	};
	rootObject = 08FB7793FE84155DC02AAC07 /* Project object */;
}
